
Microsoft Visual Studio Solution File, Format Version 12.00
# Visual Studio Version 16
VisualStudioVersion = 16.0.31005.135
MinimumVisualStudioVersion = 10.0.40219.1
Project("{FAE04EC0-301F-11D3-BF4B-00C04F79EFBC}") = "RabbitConsumer260321", "RabbitConsumer260321\RabbitConsumer260321.csproj", "{F80F4046-CFCA-45F5-A901-485470A7DDEB}"
EndProject
Global
	GlobalSection(SolutionConfigurationPlatforms) = preSolution
		Debug|Any CPU = Debug|Any CPU
		Release|Any CPU = Release|Any CPU
	EndGlobalSection
	GlobalSection(ProjectConfigurationPlatforms) = postSolution
		{F80F4046-CFCA-45F5-A901-485470A7DDEB}.Debug|Any CPU.ActiveCfg = Debug|Any CPU
		{F80F4046-CFCA-45F5-A901-485470A7DDEB}.Debug|Any CPU.Build.0 = Debug|Any CPU
		{F80F4046-CFCA-45F5-A901-485470A7DDEB}.Release|Any CPU.ActiveCfg = Release|Any CPU
		{F80F4046-CFCA-45F5-A901-485470A7DDEB}.Release|Any CPU.Build.0 = Release|Any CPU
	EndGlobalSection
	GlobalSection(SolutionProperties) = preSolution
		HideSolutionNode = FALSE
	EndGlobalSection
	GlobalSection(ExtensibilityGlobals) = postSolution
		SolutionGuid = {0EA7A285-EB72-4574-9029-0A7F3D5E34F4}
	EndGlobalSection
EndGlobal
